// !$*UTF8*$!
{
	archiveVersion = 1;
	classes = {
	};
	objectVersion = 55;
	objects = {

/* Begin PBXBuildFile section */
		9C15584E288755F10093B280 /* AppDelegate.swift in Sources */ = {isa = PBXBuildFile; fileRef = 9C15584D288755F10093B280 /* AppDelegate.swift */; };
		9C155850288755F10093B280 /* SceneDelegate.swift in Sources */ = {isa = PBXBuildFile; fileRef = 9C15584F288755F10093B280 /* SceneDelegate.swift */; };
		9C155857288755F30093B280 /* Assets.xcassets in Resources */ = {isa = PBXBuildFile; fileRef = 9C155856288755F30093B280 /* Assets.xcassets */; };
		9C15585A288755F30093B280 /* LaunchScreen.storyboard in Resources */ = {isa = PBXBuildFile; fileRef = 9C155858288755F30093B280 /* LaunchScreen.storyboard */; };
		9C155865288755F30093B280 /* TabBarAppTests.swift in Sources */ = {isa = PBXBuildFile; fileRef = 9C155864288755F30093B280 /* TabBarAppTests.swift */; };
		9C15586F288755F30093B280 /* TabBarAppUITests.swift in Sources */ = {isa = PBXBuildFile; fileRef = 9C15586E288755F30093B280 /* TabBarAppUITests.swift */; };
		9C155871288755F30093B280 /* TabBarAppUITestsLaunchTests.swift in Sources */ = {isa = PBXBuildFile; fileRef = 9C155870288755F30093B280 /* TabBarAppUITestsLaunchTests.swift */; };
		9C15588328875F580093B280 /* RootTabBarController.swift in Sources */ = {isa = PBXBuildFile; fileRef = 9C15588228875F580093B280 /* RootTabBarController.swift */; };
		9C155885288762EA0093B280 /* UserView.swift in Sources */ = {isa = PBXBuildFile; fileRef = 9C155884288762EA0093B280 /* UserView.swift */; };
		9C155887288763BD0093B280 /* UserViewController.swift in Sources */ = {isa = PBXBuildFile; fileRef = 9C155886288763BD0093B280 /* UserViewController.swift */; };
		9C1558892887666A0093B280 /* SettingsView.swift in Sources */ = {isa = PBXBuildFile; fileRef = 9C1558882887666A0093B280 /* SettingsView.swift */; };
		9C15588B288767A00093B280 /* SettingsViewController.swift in Sources */ = {isa = PBXBuildFile; fileRef = 9C15588A288767A00093B280 /* SettingsViewController.swift */; };
		9C15588D288769290093B280 /* FeedView.swift in Sources */ = {isa = PBXBuildFile; fileRef = 9C15588C288769290093B280 /* FeedView.swift */; };
		9C15588F288769A20093B280 /* FeedViewController.swift in Sources */ = {isa = PBXBuildFile; fileRef = 9C15588E288769A20093B280 /* FeedViewController.swift */; };
		9C155893288773750093B280 /* AppLabel.swift in Sources */ = {isa = PBXBuildFile; fileRef = 9C155892288773750093B280 /* AppLabel.swift */; };
		9C1558962887798A0093B280 /* FontStyles.swift in Sources */ = {isa = PBXBuildFile; fileRef = 9C1558952887798A0093B280 /* FontStyles.swift */; };
		9C15589828877A440093B280 /* ColorStyles.swift in Sources */ = {isa = PBXBuildFile; fileRef = 9C15589728877A440093B280 /* ColorStyles.swift */; };
		9C15589B2887812F0093B280 /* Post.swift in Sources */ = {isa = PBXBuildFile; fileRef = 9C15589A2887812F0093B280 /* Post.swift */; };
		9C1558A12887846A0093B280 /* FeedView+TableViewExtensions.swift in Sources */ = {isa = PBXBuildFile; fileRef = 9C1558A02887846A0093B280 /* FeedView+TableViewExtensions.swift */; };
		9C1558A42887862B0093B280 /* FeedTableViewCell.swift in Sources */ = {isa = PBXBuildFile; fileRef = 9C1558A32887862B0093B280 /* FeedTableViewCell.swift */; };
		9C24C5D5288A33DF009F5D19 /* UIAlertHelper.swift in Sources */ = {isa = PBXBuildFile; fileRef = 9C24C5D4288A33DF009F5D19 /* UIAlertHelper.swift */; };
		9C24C5D8288A37DC009F5D19 /* UserViewProtocol.swift in Sources */ = {isa = PBXBuildFile; fileRef = 9C24C5D7288A37DC009F5D19 /* UserViewProtocol.swift */; };
		9C24C5DB288A3900009F5D19 /* UserView+Extensions.swift in Sources */ = {isa = PBXBuildFile; fileRef = 9C24C5DA288A3900009F5D19 /* UserView+Extensions.swift */; };
		9C24C5DE288A3A00009F5D19 /* SettingsViewProtocol.swift in Sources */ = {isa = PBXBuildFile; fileRef = 9C24C5DD288A3A00009F5D19 /* SettingsViewProtocol.swift */; };
		9C24C5E2288A3AF5009F5D19 /* SettingsView+Extensions.swift in Sources */ = {isa = PBXBuildFile; fileRef = 9C24C5E1288A3AF5009F5D19 /* SettingsView+Extensions.swift */; };
		9CA89ECA2888DC3800AC69C8 /* AppTextField.swift in Sources */ = {isa = PBXBuildFile; fileRef = 9CA89EC92888DC3800AC69C8 /* AppTextField.swift */; };
		9CA89ECC2888DCE700AC69C8 /* AppImageView.swift in Sources */ = {isa = PBXBuildFile; fileRef = 9CA89ECB2888DCE700AC69C8 /* AppImageView.swift */; };
		9CA89ECE2888E4BC00AC69C8 /* AppButton.swift in Sources */ = {isa = PBXBuildFile; fileRef = 9CA89ECD2888E4BC00AC69C8 /* AppButton.swift */; };
/* End PBXBuildFile section */

/* Begin PBXContainerItemProxy section */
		9C155861288755F30093B280 /* PBXContainerItemProxy */ = {
			isa = PBXContainerItemProxy;
			containerPortal = 9C155842288755F10093B280 /* Project object */;
			proxyType = 1;
			remoteGlobalIDString = 9C155849288755F10093B280;
			remoteInfo = TabBarApp;
		};
		9C15586B288755F30093B280 /* PBXContainerItemProxy */ = {
			isa = PBXContainerItemProxy;
			containerPortal = 9C155842288755F10093B280 /* Project object */;
			proxyType = 1;
			remoteGlobalIDString = 9C155849288755F10093B280;
			remoteInfo = TabBarApp;
		};
/* End PBXContainerItemProxy section */

/* Begin PBXFileReference section */
		9C15584A288755F10093B280 /* TabBarApp.app */ = {isa = PBXFileReference; explicitFileType = wrapper.application; includeInIndex = 0; path = TabBarApp.app; sourceTree = BUILT_PRODUCTS_DIR; };
		9C15584D288755F10093B280 /* AppDelegate.swift */ = {isa = PBXFileReference; lastKnownFileType = sourcecode.swift; path = AppDelegate.swift; sourceTree = "<group>"; };
		9C15584F288755F10093B280 /* SceneDelegate.swift */ = {isa = PBXFileReference; lastKnownFileType = sourcecode.swift; path = SceneDelegate.swift; sourceTree = "<group>"; };
		9C155856288755F30093B280 /* Assets.xcassets */ = {isa = PBXFileReference; lastKnownFileType = folder.assetcatalog; path = Assets.xcassets; sourceTree = "<group>"; };
		9C155859288755F30093B280 /* Base */ = {isa = PBXFileReference; lastKnownFileType = file.storyboard; name = Base; path = Base.lproj/LaunchScreen.storyboard; sourceTree = "<group>"; };
		9C15585B288755F30093B280 /* Info.plist */ = {isa = PBXFileReference; lastKnownFileType = text.plist.xml; path = Info.plist; sourceTree = "<group>"; };
		9C155860288755F30093B280 /* TabBarAppTests.xctest */ = {isa = PBXFileReference; explicitFileType = wrapper.cfbundle; includeInIndex = 0; path = TabBarAppTests.xctest; sourceTree = BUILT_PRODUCTS_DIR; };
		9C155864288755F30093B280 /* TabBarAppTests.swift */ = {isa = PBXFileReference; lastKnownFileType = sourcecode.swift; path = TabBarAppTests.swift; sourceTree = "<group>"; };
		9C15586A288755F30093B280 /* TabBarAppUITests.xctest */ = {isa = PBXFileReference; explicitFileType = wrapper.cfbundle; includeInIndex = 0; path = TabBarAppUITests.xctest; sourceTree = BUILT_PRODUCTS_DIR; };
		9C15586E288755F30093B280 /* TabBarAppUITests.swift */ = {isa = PBXFileReference; lastKnownFileType = sourcecode.swift; path = TabBarAppUITests.swift; sourceTree = "<group>"; };
		9C155870288755F30093B280 /* TabBarAppUITestsLaunchTests.swift */ = {isa = PBXFileReference; lastKnownFileType = sourcecode.swift; path = TabBarAppUITestsLaunchTests.swift; sourceTree = "<group>"; };
		9C15588228875F580093B280 /* RootTabBarController.swift */ = {isa = PBXFileReference; lastKnownFileType = sourcecode.swift; path = RootTabBarController.swift; sourceTree = "<group>"; };
		9C155884288762EA0093B280 /* UserView.swift */ = {isa = PBXFileReference; lastKnownFileType = sourcecode.swift; path = UserView.swift; sourceTree = "<group>"; };
		9C155886288763BD0093B280 /* UserViewController.swift */ = {isa = PBXFileReference; lastKnownFileType = sourcecode.swift; path = UserViewController.swift; sourceTree = "<group>"; };
		9C1558882887666A0093B280 /* SettingsView.swift */ = {isa = PBXFileReference; lastKnownFileType = sourcecode.swift; path = SettingsView.swift; sourceTree = "<group>"; };
		9C15588A288767A00093B280 /* SettingsViewController.swift */ = {isa = PBXFileReference; lastKnownFileType = sourcecode.swift; path = SettingsViewController.swift; sourceTree = "<group>"; };
		9C15588C288769290093B280 /* FeedView.swift */ = {isa = PBXFileReference; lastKnownFileType = sourcecode.swift; path = FeedView.swift; sourceTree = "<group>"; };
		9C15588E288769A20093B280 /* FeedViewController.swift */ = {isa = PBXFileReference; lastKnownFileType = sourcecode.swift; path = FeedViewController.swift; sourceTree = "<group>"; };
		9C155892288773750093B280 /* AppLabel.swift */ = {isa = PBXFileReference; lastKnownFileType = sourcecode.swift; path = AppLabel.swift; sourceTree = "<group>"; };
		9C1558952887798A0093B280 /* FontStyles.swift */ = {isa = PBXFileReference; lastKnownFileType = sourcecode.swift; path = FontStyles.swift; sourceTree = "<group>"; };
		9C15589728877A440093B280 /* ColorStyles.swift */ = {isa = PBXFileReference; lastKnownFileType = sourcecode.swift; path = ColorStyles.swift; sourceTree = "<group>"; };
		9C15589A2887812F0093B280 /* Post.swift */ = {isa = PBXFileReference; lastKnownFileType = sourcecode.swift; path = Post.swift; sourceTree = "<group>"; };
		9C1558A02887846A0093B280 /* FeedView+TableViewExtensions.swift */ = {isa = PBXFileReference; lastKnownFileType = sourcecode.swift; path = "FeedView+TableViewExtensions.swift"; sourceTree = "<group>"; };
		9C1558A32887862B0093B280 /* FeedTableViewCell.swift */ = {isa = PBXFileReference; lastKnownFileType = sourcecode.swift; path = FeedTableViewCell.swift; sourceTree = "<group>"; };
		9C24C5D4288A33DF009F5D19 /* UIAlertHelper.swift */ = {isa = PBXFileReference; lastKnownFileType = sourcecode.swift; path = UIAlertHelper.swift; sourceTree = "<group>"; };
		9C24C5D7288A37DC009F5D19 /* UserViewProtocol.swift */ = {isa = PBXFileReference; lastKnownFileType = sourcecode.swift; path = UserViewProtocol.swift; sourceTree = "<group>"; };
		9C24C5DA288A3900009F5D19 /* UserView+Extensions.swift */ = {isa = PBXFileReference; lastKnownFileType = sourcecode.swift; path = "UserView+Extensions.swift"; sourceTree = "<group>"; };
		9C24C5DD288A3A00009F5D19 /* SettingsViewProtocol.swift */ = {isa = PBXFileReference; lastKnownFileType = sourcecode.swift; path = SettingsViewProtocol.swift; sourceTree = "<group>"; };
		9C24C5E1288A3AF5009F5D19 /* SettingsView+Extensions.swift */ = {isa = PBXFileReference; lastKnownFileType = sourcecode.swift; path = "SettingsView+Extensions.swift"; sourceTree = "<group>"; };
		9CA89EC92888DC3800AC69C8 /* AppTextField.swift */ = {isa = PBXFileReference; lastKnownFileType = sourcecode.swift; path = AppTextField.swift; sourceTree = "<group>"; };
		9CA89ECB2888DCE700AC69C8 /* AppImageView.swift */ = {isa = PBXFileReference; lastKnownFileType = sourcecode.swift; path = AppImageView.swift; sourceTree = "<group>"; };
		9CA89ECD2888E4BC00AC69C8 /* AppButton.swift */ = {isa = PBXFileReference; lastKnownFileType = sourcecode.swift; path = AppButton.swift; sourceTree = "<group>"; };
/* End PBXFileReference section */

/* Begin PBXFrameworksBuildPhase section */
		9C155847288755F10093B280 /* Frameworks */ = {
			isa = PBXFrameworksBuildPhase;
			buildActionMask = 2147483647;
			files = (
			);
			runOnlyForDeploymentPostprocessing = 0;
		};
		9C15585D288755F30093B280 /* Frameworks */ = {
			isa = PBXFrameworksBuildPhase;
			buildActionMask = 2147483647;
			files = (
			);
			runOnlyForDeploymentPostprocessing = 0;
		};
		9C155867288755F30093B280 /* Frameworks */ = {
			isa = PBXFrameworksBuildPhase;
			buildActionMask = 2147483647;
			files = (
			);
			runOnlyForDeploymentPostprocessing = 0;
		};
/* End PBXFrameworksBuildPhase section */

/* Begin PBXGroup section */
		9C155841288755F10093B280 = {
			isa = PBXGroup;
			children = (
				9C15584C288755F10093B280 /* TabBarApp */,
				9C155863288755F30093B280 /* TabBarAppTests */,
				9C15586D288755F30093B280 /* TabBarAppUITests */,
				9C15584B288755F10093B280 /* Products */,
			);
			sourceTree = "<group>";
		};
		9C15584B288755F10093B280 /* Products */ = {
			isa = PBXGroup;
			children = (
				9C15584A288755F10093B280 /* TabBarApp.app */,
				9C155860288755F30093B280 /* TabBarAppTests.xctest */,
				9C15586A288755F30093B280 /* TabBarAppUITests.xctest */,
			);
			name = Products;
			sourceTree = "<group>";
		};
		9C15584C288755F10093B280 /* TabBarApp */ = {
			isa = PBXGroup;
			children = (
				9C24C5D3288A33CB009F5D19 /* Helpers */,
				9C155899288781240093B280 /* Models */,
				9C155894288779700093B280 /* Styles */,
				9C155890288773430093B280 /* Components */,
				9C15587E28875EDC0093B280 /* Modules */,
				9C15587D28875EC30093B280 /* Resources */,
				9C15584D288755F10093B280 /* AppDelegate.swift */,
				9C15584F288755F10093B280 /* SceneDelegate.swift */,
				9C15588228875F580093B280 /* RootTabBarController.swift */,
				9C15585B288755F30093B280 /* Info.plist */,
			);
			path = TabBarApp;
			sourceTree = "<group>";
		};
		9C155863288755F30093B280 /* TabBarAppTests */ = {
			isa = PBXGroup;
			children = (
				9C155864288755F30093B280 /* TabBarAppTests.swift */,
			);
			path = TabBarAppTests;
			sourceTree = "<group>";
		};
		9C15586D288755F30093B280 /* TabBarAppUITests */ = {
			isa = PBXGroup;
			children = (
				9C15586E288755F30093B280 /* TabBarAppUITests.swift */,
				9C155870288755F30093B280 /* TabBarAppUITestsLaunchTests.swift */,
			);
			path = TabBarAppUITests;
			sourceTree = "<group>";
		};
		9C15587D28875EC30093B280 /* Resources */ = {
			isa = PBXGroup;
			children = (
				9C155858288755F30093B280 /* LaunchScreen.storyboard */,
				9C155856288755F30093B280 /* Assets.xcassets */,
			);
			path = Resources;
			sourceTree = "<group>";
		};
		9C15587E28875EDC0093B280 /* Modules */ = {
			isa = PBXGroup;
			children = (
				9C15588128875F0A0093B280 /* Feed */,
				9C15588028875F040093B280 /* Settings */,
				9C15587F28875EEB0093B280 /* User */,
			);
			path = Modules;
			sourceTree = "<group>";
		};
		9C15587F28875EEB0093B280 /* User */ = {
			isa = PBXGroup;
			children = (
				9C24C5D9288A38EB009F5D19 /* Extensions */,
				9C24C5D6288A37C7009F5D19 /* Protocols */,
				9C155884288762EA0093B280 /* UserView.swift */,
				9C155886288763BD0093B280 /* UserViewController.swift */,
			);
			path = User;
			sourceTree = "<group>";
		};
		9C15588028875F040093B280 /* Settings */ = {
			isa = PBXGroup;
			children = (
				9C24C5E0288A3AD7009F5D19 /* Extensions */,
				9C24C5DC288A39E7009F5D19 /* Protocol */,
				9C1558882887666A0093B280 /* SettingsView.swift */,
				9C15588A288767A00093B280 /* SettingsViewController.swift */,
			);
			path = Settings;
			sourceTree = "<group>";
		};
		9C15588128875F0A0093B280 /* Feed */ = {
			isa = PBXGroup;
			children = (
				9C1558A22887860E0093B280 /* FeedTableViewCell */,
				9C15589F2887843A0093B280 /* Extensions */,
				9C15588C288769290093B280 /* FeedView.swift */,
				9C15588E288769A20093B280 /* FeedViewController.swift */,
			);
			path = Feed;
			sourceTree = "<group>";
		};
		9C155890288773430093B280 /* Components */ = {
			isa = PBXGroup;
			children = (
				9C155892288773750093B280 /* AppLabel.swift */,
				9CA89EC92888DC3800AC69C8 /* AppTextField.swift */,
				9CA89ECB2888DCE700AC69C8 /* AppImageView.swift */,
				9CA89ECD2888E4BC00AC69C8 /* AppButton.swift */,
			);
			path = Components;
			sourceTree = "<group>";
		};
		9C155894288779700093B280 /* Styles */ = {
			isa = PBXGroup;
			children = (
				9C1558952887798A0093B280 /* FontStyles.swift */,
				9C15589728877A440093B280 /* ColorStyles.swift */,
			);
			path = Styles;
			sourceTree = "<group>";
		};
		9C155899288781240093B280 /* Models */ = {
			isa = PBXGroup;
			children = (
				9C15589A2887812F0093B280 /* Post.swift */,
			);
			path = Models;
			sourceTree = "<group>";
		};
		9C15589F2887843A0093B280 /* Extensions */ = {
			isa = PBXGroup;
			children = (
				9C1558A02887846A0093B280 /* FeedView+TableViewExtensions.swift */,
			);
			path = Extensions;
			sourceTree = "<group>";
		};
		9C1558A22887860E0093B280 /* FeedTableViewCell */ = {
			isa = PBXGroup;
			children = (
				9C1558A32887862B0093B280 /* FeedTableViewCell.swift */,
			);
			path = FeedTableViewCell;
			sourceTree = "<group>";
		};
		9C24C5D3288A33CB009F5D19 /* Helpers */ = {
			isa = PBXGroup;
			children = (
				9C24C5D4288A33DF009F5D19 /* UIAlertHelper.swift */,
			);
			path = Helpers;
			sourceTree = "<group>";
		};
		9C24C5D6288A37C7009F5D19 /* Protocols */ = {
			isa = PBXGroup;
			children = (
				9C24C5D7288A37DC009F5D19 /* UserViewProtocol.swift */,
			);
			path = Protocols;
			sourceTree = "<group>";
		};
		9C24C5D9288A38EB009F5D19 /* Extensions */ = {
			isa = PBXGroup;
			children = (
				9C24C5DA288A3900009F5D19 /* UserView+Extensions.swift */,
			);
			path = Extensions;
			sourceTree = "<group>";
		};
		9C24C5DC288A39E7009F5D19 /* Protocol */ = {
			isa = PBXGroup;
			children = (
				9C24C5DD288A3A00009F5D19 /* SettingsViewProtocol.swift */,
			);
			path = Protocol;
			sourceTree = "<group>";
		};
		9C24C5E0288A3AD7009F5D19 /* Extensions */ = {
			isa = PBXGroup;
			children = (
				9C24C5E1288A3AF5009F5D19 /* SettingsView+Extensions.swift */,
			);
			path = Extensions;
			sourceTree = "<group>";
		};
/* End PBXGroup section */

/* Begin PBXNativeTarget section */
		9C155849288755F10093B280 /* TabBarApp */ = {
			isa = PBXNativeTarget;
			buildConfigurationList = 9C155874288755F30093B280 /* Build configuration list for PBXNativeTarget "TabBarApp" */;
			buildPhases = (
				9C155846288755F10093B280 /* Sources */,
				9C155847288755F10093B280 /* Frameworks */,
				9C155848288755F10093B280 /* Resources */,
			);
			buildRules = (
			);
			dependencies = (
			);
			name = TabBarApp;
			productName = TabBarApp;
			productReference = 9C15584A288755F10093B280 /* TabBarApp.app */;
			productType = "com.apple.product-type.application";
		};
		9C15585F288755F30093B280 /* TabBarAppTests */ = {
			isa = PBXNativeTarget;
			buildConfigurationList = 9C155877288755F30093B280 /* Build configuration list for PBXNativeTarget "TabBarAppTests" */;
			buildPhases = (
				9C15585C288755F30093B280 /* Sources */,
				9C15585D288755F30093B280 /* Frameworks */,
				9C15585E288755F30093B280 /* Resources */,
			);
			buildRules = (
			);
			dependencies = (
				9C155862288755F30093B280 /* PBXTargetDependency */,
			);
			name = TabBarAppTests;
			productName = TabBarAppTests;
			productReference = 9C155860288755F30093B280 /* TabBarAppTests.xctest */;
			productType = "com.apple.product-type.bundle.unit-test";
		};
		9C155869288755F30093B280 /* TabBarAppUITests */ = {
			isa = PBXNativeTarget;
			buildConfigurationList = 9C15587A288755F30093B280 /* Build configuration list for PBXNativeTarget "TabBarAppUITests" */;
			buildPhases = (
				9C155866288755F30093B280 /* Sources */,
				9C155867288755F30093B280 /* Frameworks */,
				9C155868288755F30093B280 /* Resources */,
			);
			buildRules = (
			);
			dependencies = (
				9C15586C288755F30093B280 /* PBXTargetDependency */,
			);
			name = TabBarAppUITests;
			productName = TabBarAppUITests;
			productReference = 9C15586A288755F30093B280 /* TabBarAppUITests.xctest */;
			productType = "com.apple.product-type.bundle.ui-testing";
		};
/* End PBXNativeTarget section */

/* Begin PBXProject section */
		9C155842288755F10093B280 /* Project object */ = {
			isa = PBXProject;
			attributes = {
				BuildIndependentTargetsInParallel = 1;
				LastSwiftUpdateCheck = 1330;
				LastUpgradeCheck = 1330;
				TargetAttributes = {
					9C155849288755F10093B280 = {
						CreatedOnToolsVersion = 13.3.1;
					};
					9C15585F288755F30093B280 = {
						CreatedOnToolsVersion = 13.3.1;
						TestTargetID = 9C155849288755F10093B280;
					};
					9C155869288755F30093B280 = {
						CreatedOnToolsVersion = 13.3.1;
						TestTargetID = 9C155849288755F10093B280;
					};
				};
			};
			buildConfigurationList = 9C155845288755F10093B280 /* Build configuration list for PBXProject "TabBarApp" */;
			compatibilityVersion = "Xcode 13.0";
			developmentRegion = en;
			hasScannedForEncodings = 0;
			knownRegions = (
				en,
				Base,
			);
			mainGroup = 9C155841288755F10093B280;
			productRefGroup = 9C15584B288755F10093B280 /* Products */;
			projectDirPath = "";
			projectRoot = "";
			targets = (
				9C155849288755F10093B280 /* TabBarApp */,
				9C15585F288755F30093B280 /* TabBarAppTests */,
				9C155869288755F30093B280 /* TabBarAppUITests */,
			);
		};
/* End PBXProject section */

/* Begin PBXResourcesBuildPhase section */
		9C155848288755F10093B280 /* Resources */ = {
			isa = PBXResourcesBuildPhase;
			buildActionMask = 2147483647;
			files = (
				9C15585A288755F30093B280 /* LaunchScreen.storyboard in Resources */,
				9C155857288755F30093B280 /* Assets.xcassets in Resources */,
			);
			runOnlyForDeploymentPostprocessing = 0;
		};
		9C15585E288755F30093B280 /* Resources */ = {
			isa = PBXResourcesBuildPhase;
			buildActionMask = 2147483647;
			files = (
			);
			runOnlyForDeploymentPostprocessing = 0;
		};
		9C155868288755F30093B280 /* Resources */ = {
			isa = PBXResourcesBuildPhase;
			buildActionMask = 2147483647;
			files = (
			);
			runOnlyForDeploymentPostprocessing = 0;
		};
/* End PBXResourcesBuildPhase section */

/* Begin PBXSourcesBuildPhase section */
		9C155846288755F10093B280 /* Sources */ = {
			isa = PBXSourcesBuildPhase;
			buildActionMask = 2147483647;
			files = (
				9C155893288773750093B280 /* AppLabel.swift in Sources */,
				9C24C5DB288A3900009F5D19 /* UserView+Extensions.swift in Sources */,
				9C15589B2887812F0093B280 /* Post.swift in Sources */,
				9C1558A12887846A0093B280 /* FeedView+TableViewExtensions.swift in Sources */,
				9CA89ECE2888E4BC00AC69C8 /* AppButton.swift in Sources */,
				9C15588D288769290093B280 /* FeedView.swift in Sources */,
				9C1558A42887862B0093B280 /* FeedTableViewCell.swift in Sources */,
				9C15588F288769A20093B280 /* FeedViewController.swift in Sources */,
				9CA89ECC2888DCE700AC69C8 /* AppImageView.swift in Sources */,
				9C24C5D5288A33DF009F5D19 /* UIAlertHelper.swift in Sources */,
				9C15584E288755F10093B280 /* AppDelegate.swift in Sources */,
				9CA89ECA2888DC3800AC69C8 /* AppTextField.swift in Sources */,
				9C1558962887798A0093B280 /* FontStyles.swift in Sources */,
				9C24C5DE288A3A00009F5D19 /* SettingsViewProtocol.swift in Sources */,
				9C155887288763BD0093B280 /* UserViewController.swift in Sources */,
				9C24C5E2288A3AF5009F5D19 /* SettingsView+Extensions.swift in Sources */,
				9C15588B288767A00093B280 /* SettingsViewController.swift in Sources */,
				9C15589828877A440093B280 /* ColorStyles.swift in Sources */,
				9C15588328875F580093B280 /* RootTabBarController.swift in Sources */,
				9C1558892887666A0093B280 /* SettingsView.swift in Sources */,
				9C24C5D8288A37DC009F5D19 /* UserViewProtocol.swift in Sources */,
				9C155850288755F10093B280 /* SceneDelegate.swift in Sources */,
				9C155885288762EA0093B280 /* UserView.swift in Sources */,
			);
			runOnlyForDeploymentPostprocessing = 0;
		};
		9C15585C288755F30093B280 /* Sources */ = {
			isa = PBXSourcesBuildPhase;
			buildActionMask = 2147483647;
			files = (
				9C155865288755F30093B280 /* TabBarAppTests.swift in Sources */,
			);
			runOnlyForDeploymentPostprocessing = 0;
		};
		9C155866288755F30093B280 /* Sources */ = {
			isa = PBXSourcesBuildPhase;
			buildActionMask = 2147483647;
			files = (
				9C155871288755F30093B280 /* TabBarAppUITestsLaunchTests.swift in Sources */,
				9C15586F288755F30093B280 /* TabBarAppUITests.swift in Sources */,
			);
			runOnlyForDeploymentPostprocessing = 0;
		};
/* End PBXSourcesBuildPhase section */

/* Begin PBXTargetDependency section */
		9C155862288755F30093B280 /* PBXTargetDependency */ = {
			isa = PBXTargetDependency;
			target = 9C155849288755F10093B280 /* TabBarApp */;
			targetProxy = 9C155861288755F30093B280 /* PBXContainerItemProxy */;
		};
		9C15586C288755F30093B280 /* PBXTargetDependency */ = {
			isa = PBXTargetDependency;
			target = 9C155849288755F10093B280 /* TabBarApp */;
			targetProxy = 9C15586B288755F30093B280 /* PBXContainerItemProxy */;
		};
/* End PBXTargetDependency section */

/* Begin PBXVariantGroup section */
		9C155858288755F30093B280 /* LaunchScreen.storyboard */ = {
			isa = PBXVariantGroup;
			children = (
				9C155859288755F30093B280 /* Base */,
			);
			name = LaunchScreen.storyboard;
			sourceTree = "<group>";
		};
/* End PBXVariantGroup section */

/* Begin XCBuildConfiguration section */
		9C155872288755F30093B280 /* Debug */ = {
			isa = XCBuildConfiguration;
			buildSettings = {
				ALWAYS_SEARCH_USER_PATHS = NO;
				CLANG_ANALYZER_NONNULL = YES;
				CLANG_ANALYZER_NUMBER_OBJECT_CONVERSION = YES_AGGRESSIVE;
				CLANG_CXX_LANGUAGE_STANDARD = "gnu++17";
				CLANG_ENABLE_MODULES = YES;
				CLANG_ENABLE_OBJC_ARC = YES;
				CLANG_ENABLE_OBJC_WEAK = YES;
				CLANG_WARN_BLOCK_CAPTURE_AUTORELEASING = YES;
				CLANG_WARN_BOOL_CONVERSION = YES;
				CLANG_WARN_COMMA = YES;
				CLANG_WARN_CONSTANT_CONVERSION = YES;
				CLANG_WARN_DEPRECATED_OBJC_IMPLEMENTATIONS = YES;
				CLANG_WARN_DIRECT_OBJC_ISA_USAGE = YES_ERROR;
				CLANG_WARN_DOCUMENTATION_COMMENTS = YES;
				CLANG_WARN_EMPTY_BODY = YES;
				CLANG_WARN_ENUM_CONVERSION = YES;
				CLANG_WARN_INFINITE_RECURSION = YES;
				CLANG_WARN_INT_CONVERSION = YES;
				CLANG_WARN_NON_LITERAL_NULL_CONVERSION = YES;
				CLANG_WARN_OBJC_IMPLICIT_RETAIN_SELF = YES;
				CLANG_WARN_OBJC_LITERAL_CONVERSION = YES;
				CLANG_WARN_OBJC_ROOT_CLASS = YES_ERROR;
				CLANG_WARN_QUOTED_INCLUDE_IN_FRAMEWORK_HEADER = YES;
				CLANG_WARN_RANGE_LOOP_ANALYSIS = YES;
				CLANG_WARN_STRICT_PROTOTYPES = YES;
				CLANG_WARN_SUSPICIOUS_MOVE = YES;
				CLANG_WARN_UNGUARDED_AVAILABILITY = YES_AGGRESSIVE;
				CLANG_WARN_UNREACHABLE_CODE = YES;
				CLANG_WARN__DUPLICATE_METHOD_MATCH = YES;
				COPY_PHASE_STRIP = NO;
				DEBUG_INFORMATION_FORMAT = dwarf;
				ENABLE_STRICT_OBJC_MSGSEND = YES;
				ENABLE_TESTABILITY = YES;
				GCC_C_LANGUAGE_STANDARD = gnu11;
				GCC_DYNAMIC_NO_PIC = NO;
				GCC_NO_COMMON_BLOCKS = YES;
				GCC_OPTIMIZATION_LEVEL = 0;
				GCC_PREPROCESSOR_DEFINITIONS = (
					"DEBUG=1",
					"$(inherited)",
				);
				GCC_WARN_64_TO_32_BIT_CONVERSION = YES;
				GCC_WARN_ABOUT_RETURN_TYPE = YES_ERROR;
				GCC_WARN_UNDECLARED_SELECTOR = YES;
				GCC_WARN_UNINITIALIZED_AUTOS = YES_AGGRESSIVE;
				GCC_WARN_UNUSED_FUNCTION = YES;
				GCC_WARN_UNUSED_VARIABLE = YES;
				IPHONEOS_DEPLOYMENT_TARGET = 15.4;
				MTL_ENABLE_DEBUG_INFO = INCLUDE_SOURCE;
				MTL_FAST_MATH = YES;
				ONLY_ACTIVE_ARCH = YES;
				SDKROOT = iphoneos;
				SWIFT_ACTIVE_COMPILATION_CONDITIONS = DEBUG;
				SWIFT_OPTIMIZATION_LEVEL = "-Onone";
			};
			name = Debug;
		};
		9C155873288755F30093B280 /* Release */ = {
			isa = XCBuildConfiguration;
			buildSettings = {
				ALWAYS_SEARCH_USER_PATHS = NO;
				CLANG_ANALYZER_NONNULL = YES;
				CLANG_ANALYZER_NUMBER_OBJECT_CONVERSION = YES_AGGRESSIVE;
				CLANG_CXX_LANGUAGE_STANDARD = "gnu++17";
				CLANG_ENABLE_MODULES = YES;
				CLANG_ENABLE_OBJC_ARC = YES;
				CLANG_ENABLE_OBJC_WEAK = YES;
				CLANG_WARN_BLOCK_CAPTURE_AUTORELEASING = YES;
				CLANG_WARN_BOOL_CONVERSION = YES;
				CLANG_WARN_COMMA = YES;
				CLANG_WARN_CONSTANT_CONVERSION = YES;
				CLANG_WARN_DEPRECATED_OBJC_IMPLEMENTATIONS = YES;
				CLANG_WARN_DIRECT_OBJC_ISA_USAGE = YES_ERROR;
				CLANG_WARN_DOCUMENTATION_COMMENTS = YES;
				CLANG_WARN_EMPTY_BODY = YES;
				CLANG_WARN_ENUM_CONVERSION = YES;
				CLANG_WARN_INFINITE_RECURSION = YES;
				CLANG_WARN_INT_CONVERSION = YES;
				CLANG_WARN_NON_LITERAL_NULL_CONVERSION = YES;
				CLANG_WARN_OBJC_IMPLICIT_RETAIN_SELF = YES;
				CLANG_WARN_OBJC_LITERAL_CONVERSION = YES;
				CLANG_WARN_OBJC_ROOT_CLASS = YES_ERROR;
				CLANG_WARN_QUOTED_INCLUDE_IN_FRAMEWORK_HEADER = YES;
				CLANG_WARN_RANGE_LOOP_ANALYSIS = YES;
				CLANG_WARN_STRICT_PROTOTYPES = YES;
				CLANG_WARN_SUSPICIOUS_MOVE = YES;
				CLANG_WARN_UNGUARDED_AVAILABILITY = YES_AGGRESSIVE;
				CLANG_WARN_UNREACHABLE_CODE = YES;
				CLANG_WARN__DUPLICATE_METHOD_MATCH = YES;
				COPY_PHASE_STRIP = NO;
				DEBUG_INFORMATION_FORMAT = "dwarf-with-dsym";
				ENABLE_NS_ASSERTIONS = NO;
				ENABLE_STRICT_OBJC_MSGSEND = YES;
				GCC_C_LANGUAGE_STANDARD = gnu11;
				GCC_NO_COMMON_BLOCKS = YES;
				GCC_WARN_64_TO_32_BIT_CONVERSION = YES;
				GCC_WARN_ABOUT_RETURN_TYPE = YES_ERROR;
				GCC_WARN_UNDECLARED_SELECTOR = YES;
				GCC_WARN_UNINITIALIZED_AUTOS = YES_AGGRESSIVE;
				GCC_WARN_UNUSED_FUNCTION = YES;
				GCC_WARN_UNUSED_VARIABLE = YES;
				IPHONEOS_DEPLOYMENT_TARGET = 15.4;
				MTL_ENABLE_DEBUG_INFO = NO;
				MTL_FAST_MATH = YES;
				SDKROOT = iphoneos;
				SWIFT_COMPILATION_MODE = wholemodule;
				SWIFT_OPTIMIZATION_LEVEL = "-O";
				VALIDATE_PRODUCT = YES;
			};
			name = Release;
		};
		9C155875288755F30093B280 /* Debug */ = {
			isa = XCBuildConfiguration;
			buildSettings = {
				ASSETCATALOG_COMPILER_APPICON_NAME = AppIcon;
				ASSETCATALOG_COMPILER_GLOBAL_ACCENT_COLOR_NAME = AccentColor;
				CODE_SIGN_STYLE = Automatic;
				CURRENT_PROJECT_VERSION = 1;
				GENERATE_INFOPLIST_FILE = YES;
				INFOPLIST_FILE = TabBarApp/Info.plist;
				INFOPLIST_KEY_UIApplicationSupportsIndirectInputEvents = YES;
				INFOPLIST_KEY_UILaunchStoryboardName = LaunchScreen;
				INFOPLIST_KEY_UISupportedInterfaceOrientations_iPad = "UIInterfaceOrientationPortrait UIInterfaceOrientationPortraitUpsideDown UIInterfaceOrientationLandscapeLeft UIInterfaceOrientationLandscapeRight";
				INFOPLIST_KEY_UISupportedInterfaceOrientations_iPhone = "UIInterfaceOrientationPortrait UIInterfaceOrientationLandscapeLeft UIInterfaceOrientationLandscapeRight";
				LD_RUNPATH_SEARCH_PATHS = (
					"$(inherited)",
					"@executable_path/Frameworks",
				);
				MARKETING_VERSION = 1.0;
				PRODUCT_BUNDLE_IDENTIFIER = com.study.ios.TabBarApp;
				PRODUCT_NAME = "$(TARGET_NAME)";
				SWIFT_EMIT_LOC_STRINGS = YES;
				SWIFT_VERSION = 5.0;
				TARGETED_DEVICE_FAMILY = "1,2";
			};
			name = Debug;
		};
		9C155876288755F30093B280 /* Release */ = {
			isa = XCBuildConfiguration;
			buildSettings = {
				ASSETCATALOG_COMPILER_APPICON_NAME = AppIcon;
				ASSETCATALOG_COMPILER_GLOBAL_ACCENT_COLOR_NAME = AccentColor;
				CODE_SIGN_STYLE = Automatic;
				CURRENT_PROJECT_VERSION = 1;
				GENERATE_INFOPLIST_FILE = YES;
				INFOPLIST_FILE = TabBarApp/Info.plist;
				INFOPLIST_KEY_UIApplicationSupportsIndirectInputEvents = YES;
				INFOPLIST_KEY_UILaunchStoryboardName = LaunchScreen;
				INFOPLIST_KEY_UISupportedInterfaceOrientations_iPad = "UIInterfaceOrientationPortrait UIInterfaceOrientationPortraitUpsideDown UIInterfaceOrientationLandscapeLeft UIInterfaceOrientationLandscapeRight";
				INFOPLIST_KEY_UISupportedInterfaceOrientations_iPhone = "UIInterfaceOrientationPortrait UIInterfaceOrientationLandscapeLeft UIInterfaceOrientationLandscapeRight";
				LD_RUNPATH_SEARCH_PATHS = (
					"$(inherited)",
					"@executable_path/Frameworks",
				);
				MARKETING_VERSION = 1.0;
				PRODUCT_BUNDLE_IDENTIFIER = com.study.ios.TabBarApp;
				PRODUCT_NAME = "$(TARGET_NAME)";
				SWIFT_EMIT_LOC_STRINGS = YES;
				SWIFT_VERSION = 5.0;
				TARGETED_DEVICE_FAMILY = "1,2";
			};
			name = Release;
		};
		9C155878288755F30093B280 /* Debug */ = {
			isa = XCBuildConfiguration;
			buildSettings = {
				ALWAYS_EMBED_SWIFT_STANDARD_LIBRARIES = YES;
				BUNDLE_LOADER = "$(TEST_HOST)";
				CODE_SIGN_STYLE = Automatic;
				CURRENT_PROJECT_VERSION = 1;
				GENERATE_INFOPLIST_FILE = YES;
				IPHONEOS_DEPLOYMENT_TARGET = 15.4;
				MARKETING_VERSION = 1.0;
				PRODUCT_BUNDLE_IDENTIFIER = com.study.ios.TabBarAppTests;
				PRODUCT_NAME = "$(TARGET_NAME)";
				SWIFT_EMIT_LOC_STRINGS = NO;
				SWIFT_VERSION = 5.0;
				TARGETED_DEVICE_FAMILY = "1,2";
				TEST_HOST = "$(BUILT_PRODUCTS_DIR)/TabBarApp.app/TabBarApp";
			};
			name = Debug;
		};
		9C155879288755F30093B280 /* Release */ = {
			isa = XCBuildConfiguration;
			buildSettings = {
				ALWAYS_EMBED_SWIFT_STANDARD_LIBRARIES = YES;
				BUNDLE_LOADER = "$(TEST_HOST)";
				CODE_SIGN_STYLE = Automatic;
				CURRENT_PROJECT_VERSION = 1;
				GENERATE_INFOPLIST_FILE = YES;
				IPHONEOS_DEPLOYMENT_TARGET = 15.4;
				MARKETING_VERSION = 1.0;
				PRODUCT_BUNDLE_IDENTIFIER = com.study.ios.TabBarAppTests;
				PRODUCT_NAME = "$(TARGET_NAME)";
				SWIFT_EMIT_LOC_STRINGS = NO;
				SWIFT_VERSION = 5.0;
				TARGETED_DEVICE_FAMILY = "1,2";
				TEST_HOST = "$(BUILT_PRODUCTS_DIR)/TabBarApp.app/TabBarApp";
			};
			name = Release;
		};
		9C15587B288755F30093B280 /* Debug */ = {
			isa = XCBuildConfiguration;
			buildSettings = {
				ALWAYS_EMBED_SWIFT_STANDARD_LIBRARIES = YES;
				CODE_SIGN_STYLE = Automatic;
				CURRENT_PROJECT_VERSION = 1;
				GENERATE_INFOPLIST_FILE = YES;
				MARKETING_VERSION = 1.0;
				PRODUCT_BUNDLE_IDENTIFIER = com.study.ios.TabBarAppUITests;
				PRODUCT_NAME = "$(TARGET_NAME)";
				SWIFT_EMIT_LOC_STRINGS = NO;
				SWIFT_VERSION = 5.0;
				TARGETED_DEVICE_FAMILY = "1,2";
				TEST_TARGET_NAME = TabBarApp;
			};
			name = Debug;
		};
		9C15587C288755F30093B280 /* Release */ = {
			isa = XCBuildConfiguration;
			buildSettings = {
				ALWAYS_EMBED_SWIFT_STANDARD_LIBRARIES = YES;
				CODE_SIGN_STYLE = Automatic;
				CURRENT_PROJECT_VERSION = 1;
				GENERATE_INFOPLIST_FILE = YES;
				MARKETING_VERSION = 1.0;
				PRODUCT_BUNDLE_IDENTIFIER = com.study.ios.TabBarAppUITests;
				PRODUCT_NAME = "$(TARGET_NAME)";
				SWIFT_EMIT_LOC_STRINGS = NO;
				SWIFT_VERSION = 5.0;
				TARGETED_DEVICE_FAMILY = "1,2";
				TEST_TARGET_NAME = TabBarApp;
			};
			name = Release;
		};
/* End XCBuildConfiguration section */

/* Begin XCConfigurationList section */
		9C155845288755F10093B280 /* Build configuration list for PBXProject "TabBarApp" */ = {
			isa = XCConfigurationList;
			buildConfigurations = (
				9C155872288755F30093B280 /* Debug */,
				9C155873288755F30093B280 /* Release */,
			);
			defaultConfigurationIsVisible = 0;
			defaultConfigurationName = Release;
		};
		9C155874288755F30093B280 /* Build configuration list for PBXNativeTarget "TabBarApp" */ = {
			isa = XCConfigurationList;
			buildConfigurations = (
				9C155875288755F30093B280 /* Debug */,
				9C155876288755F30093B280 /* Release */,
			);
			defaultConfigurationIsVisible = 0;
			defaultConfigurationName = Release;
		};
		9C155877288755F30093B280 /* Build configuration list for PBXNativeTarget "TabBarAppTests" */ = {
			isa = XCConfigurationList;
			buildConfigurations = (
				9C155878288755F30093B280 /* Debug */,
				9C155879288755F30093B280 /* Release */,
			);
			defaultConfigurationIsVisible = 0;
			defaultConfigurationName = Release;
		};
		9C15587A288755F30093B280 /* Build configuration list for PBXNativeTarget "TabBarAppUITests" */ = {
			isa = XCConfigurationList;
			buildConfigurations = (
				9C15587B288755F30093B280 /* Debug */,
				9C15587C288755F30093B280 /* Release */,
			);
			defaultConfigurationIsVisible = 0;
			defaultConfigurationName = Release;
		};
/* End XCConfigurationList section */
	};
	rootObject = 9C155842288755F10093B280 /* Project object */;
}
